
Microsoft Visual Studio Solution File, Format Version 12.00
# Visual Studio 14
VisualStudioVersion = 14.0.25420.1
MinimumVisualStudioVersion = 10.0.40219.1
Project("{FAE04EC0-301F-11D3-BF4B-00C04F79EFBC}") = "ChatTopic", "ChatTopic\ChatTopic.csproj", "{397F2283-7ED3-45DC-9C53-1BBDCBD4E1A6}"
EndProject
Project("{FAE04EC0-301F-11D3-BF4B-00C04F79EFBC}") = "QueueSenderConsole", "QueueSenderConsole\QueueSenderConsole.csproj", "{09A1C256-C6D3-4A5F-971C-4EDEE25C4C37}"
EndProject
Project("{FAE04EC0-301F-11D3-BF4B-00C04F79EFBC}") = "QueueRecieverConsole", "QueueRecieverConsole\QueueRecieverConsole.csproj", "{97F53607-F38F-4BC0-BB02-CAA987959C40}"
EndProject
Global
	GlobalSection(SolutionConfigurationPlatforms) = preSolution
		Debug|Any CPU = Debug|Any CPU
		Release|Any CPU = Release|Any CPU
	EndGlobalSection
	GlobalSection(ProjectConfigurationPlatforms) = postSolution
		{397F2283-7ED3-45DC-9C53-1BBDCBD4E1A6}.Debug|Any CPU.ActiveCfg = Debug|Any CPU
		{397F2283-7ED3-45DC-9C53-1BBDCBD4E1A6}.Debug|Any CPU.Build.0 = Debug|Any CPU
		{397F2283-7ED3-45DC-9C53-1BBDCBD4E1A6}.Release|Any CPU.ActiveCfg = Release|Any CPU
		{397F2283-7ED3-45DC-9C53-1BBDCBD4E1A6}.Release|Any CPU.Build.0 = Release|Any CPU
		{09A1C256-C6D3-4A5F-971C-4EDEE25C4C37}.Debug|Any CPU.ActiveCfg = Debug|Any CPU
		{09A1C256-C6D3-4A5F-971C-4EDEE25C4C37}.Debug|Any CPU.Build.0 = Debug|Any CPU
		{09A1C256-C6D3-4A5F-971C-4EDEE25C4C37}.Release|Any CPU.ActiveCfg = Release|Any CPU
		{09A1C256-C6D3-4A5F-971C-4EDEE25C4C37}.Release|Any CPU.Build.0 = Release|Any CPU
		{97F53607-F38F-4BC0-BB02-CAA987959C40}.Debug|Any CPU.ActiveCfg = Debug|Any CPU
		{97F53607-F38F-4BC0-BB02-CAA987959C40}.Debug|Any CPU.Build.0 = Debug|Any CPU
		{97F53607-F38F-4BC0-BB02-CAA987959C40}.Release|Any CPU.ActiveCfg = Release|Any CPU
		{97F53607-F38F-4BC0-BB02-CAA987959C40}.Release|Any CPU.Build.0 = Release|Any CPU
	EndGlobalSection
	GlobalSection(SolutionProperties) = preSolution
		HideSolutionNode = FALSE
	EndGlobalSection
EndGlobal
